
Microsoft Visual Studio Solution File, Format Version 12.00
# Visual Studio 15
VisualStudioVersion = 15.0.27906.1
MinimumVisualStudioVersion = 10.0.40219.1
Project("{FAE04EC0-301F-11D3-BF4B-00C04F79EFBC}") = "XEGallery.Android", "XEGallery\XEGallery.Android\XEGallery.Android.csproj", "{5A95E590-CC66-4013-80DC-22F795A6F6CD}"
EndProject
Project("{FAE04EC0-301F-11D3-BF4B-00C04F79EFBC}") = "XEGallery.iOS", "XEGallery\XEGallery.iOS\XEGallery.iOS.csproj", "{39508FEA-F2AE-4589-94AE-07C3374D845D}"
EndProject
Project("{FAE04EC0-301F-11D3-BF4B-00C04F79EFBC}") = "XEGallery.UWP", "XEGallery\XEGallery.UWP\XEGallery.UWP.csproj", "{1EB63675-D1F4-4533-AF2B-E6CFC694735F}"
EndProject
Project("{FAE04EC0-301F-11D3-BF4B-00C04F79EFBC}") = "XEGallery", "XEGallery\XEGallery\XEGallery.csproj", "{E869CCD0-8677-4671-AF62-4A6B117D3FCA}"
EndProject
Global
	GlobalSection(SolutionConfigurationPlatforms) = preSolution
		Ad-Hoc|Any CPU = Ad-Hoc|Any CPU
		Ad-Hoc|ARM = Ad-Hoc|ARM
		Ad-Hoc|iPhone = Ad-Hoc|iPhone
		Ad-Hoc|iPhoneSimulator = Ad-Hoc|iPhoneSimulator
		Ad-Hoc|x64 = Ad-Hoc|x64
		Ad-Hoc|x86 = Ad-Hoc|x86
		AppStore|Any CPU = AppStore|Any CPU
		AppStore|ARM = AppStore|ARM
		AppStore|iPhone = AppStore|iPhone
		AppStore|iPhoneSimulator = AppStore|iPhoneSimulator
		AppStore|x64 = AppStore|x64
		AppStore|x86 = AppStore|x86
		Debug|Any CPU = Debug|Any CPU
		Debug|ARM = Debug|ARM
		Debug|iPhone = Debug|iPhone
		Debug|iPhoneSimulator = Debug|iPhoneSimulator
		Debug|x64 = Debug|x64
		Debug|x86 = Debug|x86
		Release|Any CPU = Release|Any CPU
		Release|ARM = Release|ARM
		Release|iPhone = Release|iPhone
		Release|iPhoneSimulator = Release|iPhoneSimulator
		Release|x64 = Release|x64
		Release|x86 = Release|x86
	EndGlobalSection
	GlobalSection(ProjectConfigurationPlatforms) = postSolution
		{5A95E590-CC66-4013-80DC-22F795A6F6CD}.Ad-Hoc|Any CPU.ActiveCfg = Release|Any CPU
		{5A95E590-CC66-4013-80DC-22F795A6F6CD}.Ad-Hoc|Any CPU.Build.0 = Release|Any CPU
		{5A95E590-CC66-4013-80DC-22F795A6F6CD}.Ad-Hoc|Any CPU.Deploy.0 = Release|Any CPU
		{5A95E590-CC66-4013-80DC-22F795A6F6CD}.Ad-Hoc|ARM.ActiveCfg = Release|Any CPU
		{5A95E590-CC66-4013-80DC-22F795A6F6CD}.Ad-Hoc|ARM.Build.0 = Release|Any CPU
		{5A95E590-CC66-4013-80DC-22F795A6F6CD}.Ad-Hoc|ARM.Deploy.0 = Release|Any CPU
		{5A95E590-CC66-4013-80DC-22F795A6F6CD}.Ad-Hoc|iPhone.ActiveCfg = Release|Any CPU
		{5A95E590-CC66-4013-80DC-22F795A6F6CD}.Ad-Hoc|iPhone.Build.0 = Release|Any CPU
		{5A95E590-CC66-4013-80DC-22F795A6F6CD}.Ad-Hoc|iPhone.Deploy.0 = Release|Any CPU
		{5A95E590-CC66-4013-80DC-22F795A6F6CD}.Ad-Hoc|iPhoneSimulator.ActiveCfg = Release|Any CPU
		{5A95E590-CC66-4013-80DC-22F795A6F6CD}.Ad-Hoc|iPhoneSimulator.Build.0 = Release|Any CPU
		{5A95E590-CC66-4013-80DC-22F795A6F6CD}.Ad-Hoc|iPhoneSimulator.Deploy.0 = Release|Any CPU
		{5A95E590-CC66-4013-80DC-22F795A6F6CD}.Ad-Hoc|x64.ActiveCfg = Release|Any CPU
		{5A95E590-CC66-4013-80DC-22F795A6F6CD}.Ad-Hoc|x64.Build.0 = Release|Any CPU
		{5A95E590-CC66-4013-80DC-22F795A6F6CD}.Ad-Hoc|x64.Deploy.0 = Release|Any CPU
		{5A95E590-CC66-4013-80DC-22F795A6F6CD}.Ad-Hoc|x86.ActiveCfg = Release|Any CPU
		{5A95E590-CC66-4013-80DC-22F795A6F6CD}.Ad-Hoc|x86.Build.0 = Release|Any CPU
		{5A95E590-CC66-4013-80DC-22F795A6F6CD}.Ad-Hoc|x86.Deploy.0 = Release|Any CPU
		{5A95E590-CC66-4013-80DC-22F795A6F6CD}.AppStore|Any CPU.ActiveCfg = Release|Any CPU
		{5A95E590-CC66-4013-80DC-22F795A6F6CD}.AppStore|Any CPU.Build.0 = Release|Any CPU
		{5A95E590-CC66-4013-80DC-22F795A6F6CD}.AppStore|Any CPU.Deploy.0 = Release|Any CPU
		{5A95E590-CC66-4013-80DC-22F795A6F6CD}.AppStore|ARM.ActiveCfg = Release|Any CPU
		{5A95E590-CC66-4013-80DC-22F795A6F6CD}.AppStore|ARM.Build.0 = Release|Any CPU
		{5A95E590-CC66-4013-80DC-22F795A6F6CD}.AppStore|ARM.Deploy.0 = Release|Any CPU
		{5A95E590-CC66-4013-80DC-22F795A6F6CD}.AppStore|iPhone.ActiveCfg = Release|Any CPU
		{5A95E590-CC66-4013-80DC-22F795A6F6CD}.AppStore|iPhone.Build.0 = Release|Any CPU
		{5A95E590-CC66-4013-80DC-22F795A6F6CD}.AppStore|iPhone.Deploy.0 = Release|Any CPU
		{5A95E590-CC66-4013-80DC-22F795A6F6CD}.AppStore|iPhoneSimulator.ActiveCfg = Release|Any CPU
		{5A95E590-CC66-4013-80DC-22F795A6F6CD}.AppStore|iPhoneSimulator.Build.0 = Release|Any CPU
		{5A95E590-CC66-4013-80DC-22F795A6F6CD}.AppStore|iPhoneSimulator.Deploy.0 = Release|Any CPU
		{5A95E590-CC66-4013-80DC-22F795A6F6CD}.AppStore|x64.ActiveCfg = Release|Any CPU
		{5A95E590-CC66-4013-80DC-22F795A6F6CD}.AppStore|x64.Build.0 = Release|Any CPU
		{5A95E590-CC66-4013-80DC-22F795A6F6CD}.AppStore|x64.Deploy.0 = Release|Any CPU
		{5A95E590-CC66-4013-80DC-22F795A6F6CD}.AppStore|x86.ActiveCfg = Release|Any CPU
		{5A95E590-CC66-4013-80DC-22F795A6F6CD}.AppStore|x86.Build.0 = Release|Any CPU
		{5A95E590-CC66-4013-80DC-22F795A6F6CD}.AppStore|x86.Deploy.0 = Release|Any CPU
		{5A95E590-CC66-4013-80DC-22F795A6F6CD}.Debug|Any CPU.ActiveCfg = Debug|Any CPU
		{5A95E590-CC66-4013-80DC-22F795A6F6CD}.Debug|Any CPU.Build.0 = Debug|Any CPU
		{5A95E590-CC66-4013-80DC-22F795A6F6CD}.Debug|Any CPU.Deploy.0 = Debug|Any CPU
		{5A95E590-CC66-4013-80DC-22F795A6F6CD}.Debug|ARM.ActiveCfg = Debug|Any CPU
		{5A95E590-CC66-4013-80DC-22F795A6F6CD}.Debug|ARM.Build.0 = Debug|Any CPU
		{5A95E590-CC66-4013-80DC-22F795A6F6CD}.Debug|ARM.Deploy.0 = Debug|Any CPU
		{5A95E590-CC66-4013-80DC-22F795A6F6CD}.Debug|iPhone.ActiveCfg = Debug|Any CPU
		{5A95E590-CC66-4013-80DC-22F795A6F6CD}.Debug|iPhone.Build.0 = Debug|Any CPU
		{5A95E590-CC66-4013-80DC-22F795A6F6CD}.Debug|iPhone.Deploy.0 = Debug|Any CPU
		{5A95E590-CC66-4013-80DC-22F795A6F6CD}.Debug|iPhoneSimulator.ActiveCfg = Debug|Any CPU
		{5A95E590-CC66-4013-80DC-22F795A6F6CD}.Debug|iPhoneSimulator.Build.0 = Debug|Any CPU
		{5A95E590-CC66-4013-80DC-22F795A6F6CD}.Debug|iPhoneSimulator.Deploy.0 = Debug|Any CPU
		{5A95E590-CC66-4013-80DC-22F795A6F6CD}.Debug|x64.ActiveCfg = Debug|Any CPU
		{5A95E590-CC66-4013-80DC-22F795A6F6CD}.Debug|x64.Build.0 = Debug|Any CPU
		{5A95E590-CC66-4013-80DC-22F795A6F6CD}.Debug|x64.Deploy.0 = Debug|Any CPU
		{5A95E590-CC66-4013-80DC-22F795A6F6CD}.Debug|x86.ActiveCfg = Debug|Any CPU
		{5A95E590-CC66-4013-80DC-22F795A6F6CD}.Debug|x86.Build.0 = Debug|Any CPU
		{5A95E590-CC66-4013-80DC-22F795A6F6CD}.Debug|x86.Deploy.0 = Debug|Any CPU
		{5A95E590-CC66-4013-80DC-22F795A6F6CD}.Release|Any CPU.ActiveCfg = Release|Any CPU
		{5A95E590-CC66-4013-80DC-22F795A6F6CD}.Release|Any CPU.Build.0 = Release|Any CPU
		{5A95E590-CC66-4013-80DC-22F795A6F6CD}.Release|Any CPU.Deploy.0 = Release|Any CPU
		{5A95E590-CC66-4013-80DC-22F795A6F6CD}.Release|ARM.ActiveCfg = Release|Any CPU
		{5A95E590-CC66-4013-80DC-22F795A6F6CD}.Release|ARM.Build.0 = Release|Any CPU
		{5A95E590-CC66-4013-80DC-22F795A6F6CD}.Release|ARM.Deploy.0 = Release|Any CPU
		{5A95E590-CC66-4013-80DC-22F795A6F6CD}.Release|iPhone.ActiveCfg = Release|Any CPU
		{5A95E590-CC66-4013-80DC-22F795A6F6CD}.Release|iPhone.Build.0 = Release|Any CPU
		{5A95E590-CC66-4013-80DC-22F795A6F6CD}.Release|iPhone.Deploy.0 = Release|Any CPU
		{5A95E590-CC66-4013-80DC-22F795A6F6CD}.Release|iPhoneSimulator.ActiveCfg = Release|Any CPU
		{5A95E590-CC66-4013-80DC-22F795A6F6CD}.Release|iPhoneSimulator.Build.0 = Release|Any CPU
		{5A95E590-CC66-4013-80DC-22F795A6F6CD}.Release|iPhoneSimulator.Deploy.0 = Release|Any CPU
		{5A95E590-CC66-4013-80DC-22F795A6F6CD}.Release|x64.ActiveCfg = Release|Any CPU
		{5A95E590-CC66-4013-80DC-22F795A6F6CD}.Release|x64.Build.0 = Release|Any CPU
		{5A95E590-CC66-4013-80DC-22F795A6F6CD}.Release|x64.Deploy.0 = Release|Any CPU
		{5A95E590-CC66-4013-80DC-22F795A6F6CD}.Release|x86.ActiveCfg = Release|Any CPU
		{5A95E590-CC66-4013-80DC-22F795A6F6CD}.Release|x86.Build.0 = Release|Any CPU
		{5A95E590-CC66-4013-80DC-22F795A6F6CD}.Release|x86.Deploy.0 = Release|Any CPU
		{39508FEA-F2AE-4589-94AE-07C3374D845D}.Ad-Hoc|Any CPU.ActiveCfg = Ad-Hoc|iPhone
		{39508FEA-F2AE-4589-94AE-07C3374D845D}.Ad-Hoc|Any CPU.Build.0 = Ad-Hoc|iPhone
		{39508FEA-F2AE-4589-94AE-07C3374D845D}.Ad-Hoc|Any CPU.Deploy.0 = Ad-Hoc|iPhone
		{39508FEA-F2AE-4589-94AE-07C3374D845D}.Ad-Hoc|ARM.ActiveCfg = Ad-Hoc|iPhone
		{39508FEA-F2AE-4589-94AE-07C3374D845D}.Ad-Hoc|ARM.Build.0 = Ad-Hoc|iPhone
		{39508FEA-F2AE-4589-94AE-07C3374D845D}.Ad-Hoc|ARM.Deploy.0 = Ad-Hoc|iPhone
		{39508FEA-F2AE-4589-94AE-07C3374D845D}.Ad-Hoc|iPhone.ActiveCfg = Ad-Hoc|iPhone
		{39508FEA-F2AE-4589-94AE-07C3374D845D}.Ad-Hoc|iPhone.Build.0 = Ad-Hoc|iPhone
		{39508FEA-F2AE-4589-94AE-07C3374D845D}.Ad-Hoc|iPhone.Deploy.0 = Ad-Hoc|iPhone
		{39508FEA-F2AE-4589-94AE-07C3374D845D}.Ad-Hoc|iPhoneSimulator.ActiveCfg = Ad-Hoc|iPhoneSimulator
		{39508FEA-F2AE-4589-94AE-07C3374D845D}.Ad-Hoc|iPhoneSimulator.Build.0 = Ad-Hoc|iPhoneSimulator
		{39508FEA-F2AE-4589-94AE-07C3374D845D}.Ad-Hoc|iPhoneSimulator.Deploy.0 = Ad-Hoc|iPhoneSimulator
		{39508FEA-F2AE-4589-94AE-07C3374D845D}.Ad-Hoc|x64.ActiveCfg = Ad-Hoc|iPhone
		{39508FEA-F2AE-4589-94AE-07C3374D845D}.Ad-Hoc|x64.Build.0 = Ad-Hoc|iPhone
		{39508FEA-F2AE-4589-94AE-07C3374D845D}.Ad-Hoc|x64.Deploy.0 = Ad-Hoc|iPhone
		{39508FEA-F2AE-4589-94AE-07C3374D845D}.Ad-Hoc|x86.ActiveCfg = Ad-Hoc|iPhone
		{39508FEA-F2AE-4589-94AE-07C3374D845D}.Ad-Hoc|x86.Build.0 = Ad-Hoc|iPhone
		{39508FEA-F2AE-4589-94AE-07C3374D845D}.Ad-Hoc|x86.Deploy.0 = Ad-Hoc|iPhone
		{39508FEA-F2AE-4589-94AE-07C3374D845D}.AppStore|Any CPU.ActiveCfg = AppStore|iPhone
		{39508FEA-F2AE-4589-94AE-07C3374D845D}.AppStore|Any CPU.Build.0 = AppStore|iPhone
		{39508FEA-F2AE-4589-94AE-07C3374D845D}.AppStore|Any CPU.Deploy.0 = AppStore|iPhone
		{39508FEA-F2AE-4589-94AE-07C3374D845D}.AppStore|ARM.ActiveCfg = AppStore|iPhone
		{39508FEA-F2AE-4589-94AE-07C3374D845D}.AppStore|ARM.Build.0 = AppStore|iPhone
		{39508FEA-F2AE-4589-94AE-07C3374D845D}.AppStore|ARM.Deploy.0 = AppStore|iPhone
		{39508FEA-F2AE-4589-94AE-07C3374D845D}.AppStore|iPhone.ActiveCfg = AppStore|iPhone
		{39508FEA-F2AE-4589-94AE-07C3374D845D}.AppStore|iPhone.Build.0 = AppStore|iPhone
		{39508FEA-F2AE-4589-94AE-07C3374D845D}.AppStore|iPhone.Deploy.0 = AppStore|iPhone
		{39508FEA-F2AE-4589-94AE-07C3374D845D}.AppStore|iPhoneSimulator.ActiveCfg = AppStore|iPhoneSimulator
		{39508FEA-F2AE-4589-94AE-07C3374D845D}.AppStore|iPhoneSimulator.Build.0 = AppStore|iPhoneSimulator
		{39508FEA-F2AE-4589-94AE-07C3374D845D}.AppStore|iPhoneSimulator.Deploy.0 = AppStore|iPhoneSimulator
		{39508FEA-F2AE-4589-94AE-07C3374D845D}.AppStore|x64.ActiveCfg = AppStore|iPhone
		{39508FEA-F2AE-4589-94AE-07C3374D845D}.AppStore|x64.Build.0 = AppStore|iPhone
		{39508FEA-F2AE-4589-94AE-07C3374D845D}.AppStore|x64.Deploy.0 = AppStore|iPhone
		{39508FEA-F2AE-4589-94AE-07C3374D845D}.AppStore|x86.ActiveCfg = AppStore|iPhone
		{39508FEA-F2AE-4589-94AE-07C3374D845D}.AppStore|x86.Build.0 = AppStore|iPhone
		{39508FEA-F2AE-4589-94AE-07C3374D845D}.AppStore|x86.Deploy.0 = AppStore|iPhone
		{39508FEA-F2AE-4589-94AE-07C3374D845D}.Debug|Any CPU.ActiveCfg = Debug|iPhoneSimulator
		{39508FEA-F2AE-4589-94AE-07C3374D845D}.Debug|Any CPU.Build.0 = Debug|iPhoneSimulator
		{39508FEA-F2AE-4589-94AE-07C3374D845D}.Debug|Any CPU.Deploy.0 = Debug|iPhoneSimulator
		{39508FEA-F2AE-4589-94AE-07C3374D845D}.Debug|ARM.ActiveCfg = Debug|iPhone
		{39508FEA-F2AE-4589-94AE-07C3374D845D}.Debug|ARM.Build.0 = Debug|iPhone
		{39508FEA-F2AE-4589-94AE-07C3374D845D}.Debug|ARM.Deploy.0 = Debug|iPhone
		{39508FEA-F2AE-4589-94AE-07C3374D845D}.Debug|iPhone.ActiveCfg = Debug|iPhone
		{39508FEA-F2AE-4589-94AE-07C3374D845D}.Debug|iPhone.Build.0 = Debug|iPhone
		{39508FEA-F2AE-4589-94AE-07C3374D845D}.Debug|iPhone.Deploy.0 = Debug|iPhone
		{39508FEA-F2AE-4589-94AE-07C3374D845D}.Debug|iPhoneSimulator.ActiveCfg = Debug|iPhoneSimulator
		{39508FEA-F2AE-4589-94AE-07C3374D845D}.Debug|iPhoneSimulator.Build.0 = Debug|iPhoneSimulator
		{39508FEA-F2AE-4589-94AE-07C3374D845D}.Debug|iPhoneSimulator.Deploy.0 = Debug|iPhoneSimulator
		{39508FEA-F2AE-4589-94AE-07C3374D845D}.Debug|x64.ActiveCfg = Debug|iPhone
		{39508FEA-F2AE-4589-94AE-07C3374D845D}.Debug|x64.Build.0 = Debug|iPhone
		{39508FEA-F2AE-4589-94AE-07C3374D845D}.Debug|x64.Deploy.0 = Debug|iPhone
		{39508FEA-F2AE-4589-94AE-07C3374D845D}.Debug|x86.ActiveCfg = Debug|iPhone
		{39508FEA-F2AE-4589-94AE-07C3374D845D}.Debug|x86.Build.0 = Debug|iPhone
		{39508FEA-F2AE-4589-94AE-07C3374D845D}.Debug|x86.Deploy.0 = Debug|iPhone
		{39508FEA-F2AE-4589-94AE-07C3374D845D}.Release|Any CPU.ActiveCfg = Release|iPhone
		{39508FEA-F2AE-4589-94AE-07C3374D845D}.Release|Any CPU.Build.0 = Release|iPhone
		{39508FEA-F2AE-4589-94AE-07C3374D845D}.Release|Any CPU.Deploy.0 = Release|iPhone
		{39508FEA-F2AE-4589-94AE-07C3374D845D}.Release|ARM.ActiveCfg = Release|iPhone
		{39508FEA-F2AE-4589-94AE-07C3374D845D}.Release|ARM.Build.0 = Release|iPhone
		{39508FEA-F2AE-4589-94AE-07C3374D845D}.Release|ARM.Deploy.0 = Release|iPhone
		{39508FEA-F2AE-4589-94AE-07C3374D845D}.Release|iPhone.ActiveCfg = Release|iPhone
		{39508FEA-F2AE-4589-94AE-07C3374D845D}.Release|iPhone.Build.0 = Release|iPhone
		{39508FEA-F2AE-4589-94AE-07C3374D845D}.Release|iPhone.Deploy.0 = Release|iPhone
		{39508FEA-F2AE-4589-94AE-07C3374D845D}.Release|iPhoneSimulator.ActiveCfg = Release|iPhoneSimulator
		{39508FEA-F2AE-4589-94AE-07C3374D845D}.Release|iPhoneSimulator.Build.0 = Release|iPhoneSimulator
		{39508FEA-F2AE-4589-94AE-07C3374D845D}.Release|iPhoneSimulator.Deploy.0 = Release|iPhoneSimulator
		{39508FEA-F2AE-4589-94AE-07C3374D845D}.Release|x64.ActiveCfg = Release|iPhone
		{39508FEA-F2AE-4589-94AE-07C3374D845D}.Release|x64.Build.0 = Release|iPhone
		{39508FEA-F2AE-4589-94AE-07C3374D845D}.Release|x64.Deploy.0 = Release|iPhone
		{39508FEA-F2AE-4589-94AE-07C3374D845D}.Release|x86.ActiveCfg = Release|iPhone
		{39508FEA-F2AE-4589-94AE-07C3374D845D}.Release|x86.Build.0 = Release|iPhone
		{39508FEA-F2AE-4589-94AE-07C3374D845D}.Release|x86.Deploy.0 = Release|iPhone
		{1EB63675-D1F4-4533-AF2B-E6CFC694735F}.Ad-Hoc|Any CPU.ActiveCfg = Release|x86
		{1EB63675-D1F4-4533-AF2B-E6CFC694735F}.Ad-Hoc|Any CPU.Build.0 = Release|x86
		{1EB63675-D1F4-4533-AF2B-E6CFC694735F}.Ad-Hoc|Any CPU.Deploy.0 = Release|x86
		{1EB63675-D1F4-4533-AF2B-E6CFC694735F}.Ad-Hoc|ARM.ActiveCfg = Release|ARM
		{1EB63675-D1F4-4533-AF2B-E6CFC694735F}.Ad-Hoc|ARM.Build.0 = Release|ARM
		{1EB63675-D1F4-4533-AF2B-E6CFC694735F}.Ad-Hoc|ARM.Deploy.0 = Release|ARM
		{1EB63675-D1F4-4533-AF2B-E6CFC694735F}.Ad-Hoc|iPhone.ActiveCfg = Release|x86
		{1EB63675-D1F4-4533-AF2B-E6CFC694735F}.Ad-Hoc|iPhone.Build.0 = Release|x86
		{1EB63675-D1F4-4533-AF2B-E6CFC694735F}.Ad-Hoc|iPhone.Deploy.0 = Release|x86
		{1EB63675-D1F4-4533-AF2B-E6CFC694735F}.Ad-Hoc|iPhoneSimulator.ActiveCfg = Release|x86
		{1EB63675-D1F4-4533-AF2B-E6CFC694735F}.Ad-Hoc|iPhoneSimulator.Build.0 = Release|x86
		{1EB63675-D1F4-4533-AF2B-E6CFC694735F}.Ad-Hoc|iPhoneSimulator.Deploy.0 = Release|x86
		{1EB63675-D1F4-4533-AF2B-E6CFC694735F}.Ad-Hoc|x64.ActiveCfg = Release|x64
		{1EB63675-D1F4-4533-AF2B-E6CFC694735F}.Ad-Hoc|x64.Build.0 = Release|x64
		{1EB63675-D1F4-4533-AF2B-E6CFC694735F}.Ad-Hoc|x64.Deploy.0 = Release|x64
		{1EB63675-D1F4-4533-AF2B-E6CFC694735F}.Ad-Hoc|x86.ActiveCfg = Release|x86
		{1EB63675-D1F4-4533-AF2B-E6CFC694735F}.Ad-Hoc|x86.Build.0 = Release|x86
		{1EB63675-D1F4-4533-AF2B-E6CFC694735F}.Ad-Hoc|x86.Deploy.0 = Release|x86
		{1EB63675-D1F4-4533-AF2B-E6CFC694735F}.AppStore|Any CPU.ActiveCfg = Release|x86
		{1EB63675-D1F4-4533-AF2B-E6CFC694735F}.AppStore|Any CPU.Build.0 = Release|x86
		{1EB63675-D1F4-4533-AF2B-E6CFC694735F}.AppStore|Any CPU.Deploy.0 = Release|x86
		{1EB63675-D1F4-4533-AF2B-E6CFC694735F}.AppStore|ARM.ActiveCfg = Release|ARM
		{1EB63675-D1F4-4533-AF2B-E6CFC694735F}.AppStore|ARM.Build.0 = Release|ARM
		{1EB63675-D1F4-4533-AF2B-E6CFC694735F}.AppStore|ARM.Deploy.0 = Release|ARM
		{1EB63675-D1F4-4533-AF2B-E6CFC694735F}.AppStore|iPhone.ActiveCfg = Release|x86
		{1EB63675-D1F4-4533-AF2B-E6CFC694735F}.AppStore|iPhone.Build.0 = Release|x86
		{1EB63675-D1F4-4533-AF2B-E6CFC694735F}.AppStore|iPhone.Deploy.0 = Release|x86
		{1EB63675-D1F4-4533-AF2B-E6CFC694735F}.AppStore|iPhoneSimulator.ActiveCfg = Release|x86
		{1EB63675-D1F4-4533-AF2B-E6CFC694735F}.AppStore|iPhoneSimulator.Build.0 = Release|x86
		{1EB63675-D1F4-4533-AF2B-E6CFC694735F}.AppStore|iPhoneSimulator.Deploy.0 = Release|x86
		{1EB63675-D1F4-4533-AF2B-E6CFC694735F}.AppStore|x64.ActiveCfg = Release|x64
		{1EB63675-D1F4-4533-AF2B-E6CFC694735F}.AppStore|x64.Build.0 = Release|x64
		{1EB63675-D1F4-4533-AF2B-E6CFC694735F}.AppStore|x64.Deploy.0 = Release|x64
		{1EB63675-D1F4-4533-AF2B-E6CFC694735F}.AppStore|x86.ActiveCfg = Release|x86
		{1EB63675-D1F4-4533-AF2B-E6CFC694735F}.AppStore|x86.Build.0 = Release|x86
		{1EB63675-D1F4-4533-AF2B-E6CFC694735F}.AppStore|x86.Deploy.0 = Release|x86
		{1EB63675-D1F4-4533-AF2B-E6CFC694735F}.Debug|Any CPU.ActiveCfg = Debug|x86
		{1EB63675-D1F4-4533-AF2B-E6CFC694735F}.Debug|Any CPU.Build.0 = Debug|x86
		{1EB63675-D1F4-4533-AF2B-E6CFC694735F}.Debug|Any CPU.Deploy.0 = Debug|x86
		{1EB63675-D1F4-4533-AF2B-E6CFC694735F}.Debug|ARM.ActiveCfg = Debug|ARM
		{1EB63675-D1F4-4533-AF2B-E6CFC694735F}.Debug|ARM.Build.0 = Debug|ARM
		{1EB63675-D1F4-4533-AF2B-E6CFC694735F}.Debug|ARM.Deploy.0 = Debug|ARM
		{1EB63675-D1F4-4533-AF2B-E6CFC694735F}.Debug|iPhone.ActiveCfg = Debug|x86
		{1EB63675-D1F4-4533-AF2B-E6CFC694735F}.Debug|iPhone.Build.0 = Debug|x86
		{1EB63675-D1F4-4533-AF2B-E6CFC694735F}.Debug|iPhone.Deploy.0 = Debug|x86
		{1EB63675-D1F4-4533-AF2B-E6CFC694735F}.Debug|iPhoneSimulator.ActiveCfg = Debug|x86
		{1EB63675-D1F4-4533-AF2B-E6CFC694735F}.Debug|iPhoneSimulator.Build.0 = Debug|x86
		{1EB63675-D1F4-4533-AF2B-E6CFC694735F}.Debug|iPhoneSimulator.Deploy.0 = Debug|x86
		{1EB63675-D1F4-4533-AF2B-E6CFC694735F}.Debug|x64.ActiveCfg = Debug|x64
		{1EB63675-D1F4-4533-AF2B-E6CFC694735F}.Debug|x64.Build.0 = Debug|x64
		{1EB63675-D1F4-4533-AF2B-E6CFC694735F}.Debug|x64.Deploy.0 = Debug|x64
		{1EB63675-D1F4-4533-AF2B-E6CFC694735F}.Debug|x86.ActiveCfg = Debug|x86
		{1EB63675-D1F4-4533-AF2B-E6CFC694735F}.Debug|x86.Build.0 = Debug|x86
		{1EB63675-D1F4-4533-AF2B-E6CFC694735F}.Debug|x86.Deploy.0 = Debug|x86
		{1EB63675-D1F4-4533-AF2B-E6CFC694735F}.Release|Any CPU.ActiveCfg = Release|x86
		{1EB63675-D1F4-4533-AF2B-E6CFC694735F}.Release|Any CPU.Build.0 = Release|x86
		{1EB63675-D1F4-4533-AF2B-E6CFC694735F}.Release|Any CPU.Deploy.0 = Release|x86
		{1EB63675-D1F4-4533-AF2B-E6CFC694735F}.Release|ARM.ActiveCfg = Release|ARM
		{1EB63675-D1F4-4533-AF2B-E6CFC694735F}.Release|ARM.Build.0 = Release|ARM
		{1EB63675-D1F4-4533-AF2B-E6CFC694735F}.Release|ARM.Deploy.0 = Release|ARM
		{1EB63675-D1F4-4533-AF2B-E6CFC694735F}.Release|iPhone.ActiveCfg = Release|x86
		{1EB63675-D1F4-4533-AF2B-E6CFC694735F}.Release|iPhone.Build.0 = Release|x86
		{1EB63675-D1F4-4533-AF2B-E6CFC694735F}.Release|iPhone.Deploy.0 = Release|x86
		{1EB63675-D1F4-4533-AF2B-E6CFC694735F}.Release|iPhoneSimulator.ActiveCfg = Release|x86
		{1EB63675-D1F4-4533-AF2B-E6CFC694735F}.Release|iPhoneSimulator.Build.0 = Release|x86
		{1EB63675-D1F4-4533-AF2B-E6CFC694735F}.Release|iPhoneSimulator.Deploy.0 = Release|x86
		{1EB63675-D1F4-4533-AF2B-E6CFC694735F}.Release|x64.ActiveCfg = Release|x64
		{1EB63675-D1F4-4533-AF2B-E6CFC694735F}.Release|x64.Build.0 = Release|x64
		{1EB63675-D1F4-4533-AF2B-E6CFC694735F}.Release|x64.Deploy.0 = Release|x64
		{1EB63675-D1F4-4533-AF2B-E6CFC694735F}.Release|x86.ActiveCfg = Release|x86
		{1EB63675-D1F4-4533-AF2B-E6CFC694735F}.Release|x86.Build.0 = Release|x86
		{1EB63675-D1F4-4533-AF2B-E6CFC694735F}.Release|x86.Deploy.0 = Release|x86
		{E869CCD0-8677-4671-AF62-4A6B117D3FCA}.Ad-Hoc|Any CPU.ActiveCfg = Debug|Any CPU
		{E869CCD0-8677-4671-AF62-4A6B117D3FCA}.Ad-Hoc|Any CPU.Build.0 = Debug|Any CPU
		{E869CCD0-8677-4671-AF62-4A6B117D3FCA}.Ad-Hoc|Any CPU.Deploy.0 = Debug|Any CPU
		{E869CCD0-8677-4671-AF62-4A6B117D3FCA}.Ad-Hoc|ARM.ActiveCfg = Debug|Any CPU
		{E869CCD0-8677-4671-AF62-4A6B117D3FCA}.Ad-Hoc|ARM.Build.0 = Debug|Any CPU
		{E869CCD0-8677-4671-AF62-4A6B117D3FCA}.Ad-Hoc|ARM.Deploy.0 = Debug|Any CPU
		{E869CCD0-8677-4671-AF62-4A6B117D3FCA}.Ad-Hoc|iPhone.ActiveCfg = Debug|Any CPU
		{E869CCD0-8677-4671-AF62-4A6B117D3FCA}.Ad-Hoc|iPhone.Build.0 = Debug|Any CPU
		{E869CCD0-8677-4671-AF62-4A6B117D3FCA}.Ad-Hoc|iPhone.Deploy.0 = Debug|Any CPU
		{E869CCD0-8677-4671-AF62-4A6B117D3FCA}.Ad-Hoc|iPhoneSimulator.ActiveCfg = Debug|Any CPU
		{E869CCD0-8677-4671-AF62-4A6B117D3FCA}.Ad-Hoc|iPhoneSimulator.Build.0 = Debug|Any CPU
		{E869CCD0-8677-4671-AF62-4A6B117D3FCA}.Ad-Hoc|iPhoneSimulator.Deploy.0 = Debug|Any CPU
		{E869CCD0-8677-4671-AF62-4A6B117D3FCA}.Ad-Hoc|x64.ActiveCfg = Debug|Any CPU
		{E869CCD0-8677-4671-AF62-4A6B117D3FCA}.Ad-Hoc|x64.Build.0 = Debug|Any CPU
		{E869CCD0-8677-4671-AF62-4A6B117D3FCA}.Ad-Hoc|x64.Deploy.0 = Debug|Any CPU
		{E869CCD0-8677-4671-AF62-4A6B117D3FCA}.Ad-Hoc|x86.ActiveCfg = Debug|Any CPU
		{E869CCD0-8677-4671-AF62-4A6B117D3FCA}.Ad-Hoc|x86.Build.0 = Debug|Any CPU
		{E869CCD0-8677-4671-AF62-4A6B117D3FCA}.Ad-Hoc|x86.Deploy.0 = Debug|Any CPU
		{E869CCD0-8677-4671-AF62-4A6B117D3FCA}.AppStore|Any CPU.ActiveCfg = Debug|Any CPU
		{E869CCD0-8677-4671-AF62-4A6B117D3FCA}.AppStore|Any CPU.Build.0 = Debug|Any CPU
		{E869CCD0-8677-4671-AF62-4A6B117D3FCA}.AppStore|Any CPU.Deploy.0 = Debug|Any CPU
		{E869CCD0-8677-4671-AF62-4A6B117D3FCA}.AppStore|ARM.ActiveCfg = Debug|Any CPU
		{E869CCD0-8677-4671-AF62-4A6B117D3FCA}.AppStore|ARM.Build.0 = Debug|Any CPU
		{E869CCD0-8677-4671-AF62-4A6B117D3FCA}.AppStore|ARM.Deploy.0 = Debug|Any CPU
		{E869CCD0-8677-4671-AF62-4A6B117D3FCA}.AppStore|iPhone.ActiveCfg = Debug|Any CPU
		{E869CCD0-8677-4671-AF62-4A6B117D3FCA}.AppStore|iPhone.Build.0 = Debug|Any CPU
		{E869CCD0-8677-4671-AF62-4A6B117D3FCA}.AppStore|iPhone.Deploy.0 = Debug|Any CPU
		{E869CCD0-8677-4671-AF62-4A6B117D3FCA}.AppStore|iPhoneSimulator.ActiveCfg = Debug|Any CPU
		{E869CCD0-8677-4671-AF62-4A6B117D3FCA}.AppStore|iPhoneSimulator.Build.0 = Debug|Any CPU
		{E869CCD0-8677-4671-AF62-4A6B117D3FCA}.AppStore|iPhoneSimulator.Deploy.0 = Debug|Any CPU
		{E869CCD0-8677-4671-AF62-4A6B117D3FCA}.AppStore|x64.ActiveCfg = Debug|Any CPU
		{E869CCD0-8677-4671-AF62-4A6B117D3FCA}.AppStore|x64.Build.0 = Debug|Any CPU
		{E869CCD0-8677-4671-AF62-4A6B117D3FCA}.AppStore|x64.Deploy.0 = Debug|Any CPU
		{E869CCD0-8677-4671-AF62-4A6B117D3FCA}.AppStore|x86.ActiveCfg = Debug|Any CPU
		{E869CCD0-8677-4671-AF62-4A6B117D3FCA}.AppStore|x86.Build.0 = Debug|Any CPU
		{E869CCD0-8677-4671-AF62-4A6B117D3FCA}.AppStore|x86.Deploy.0 = Debug|Any CPU
		{E869CCD0-8677-4671-AF62-4A6B117D3FCA}.Debug|Any CPU.ActiveCfg = Debug|Any CPU
		{E869CCD0-8677-4671-AF62-4A6B117D3FCA}.Debug|Any CPU.Build.0 = Debug|Any CPU
		{E869CCD0-8677-4671-AF62-4A6B117D3FCA}.Debug|Any CPU.Deploy.0 = Debug|Any CPU
		{E869CCD0-8677-4671-AF62-4A6B117D3FCA}.Debug|ARM.ActiveCfg = Debug|Any CPU
		{E869CCD0-8677-4671-AF62-4A6B117D3FCA}.Debug|ARM.Build.0 = Debug|Any CPU
		{E869CCD0-8677-4671-AF62-4A6B117D3FCA}.Debug|ARM.Deploy.0 = Debug|Any CPU
		{E869CCD0-8677-4671-AF62-4A6B117D3FCA}.Debug|iPhone.ActiveCfg = Debug|Any CPU
		{E869CCD0-8677-4671-AF62-4A6B117D3FCA}.Debug|iPhone.Build.0 = Debug|Any CPU
		{E869CCD0-8677-4671-AF62-4A6B117D3FCA}.Debug|iPhone.Deploy.0 = Debug|Any CPU
		{E869CCD0-8677-4671-AF62-4A6B117D3FCA}.Debug|iPhoneSimulator.ActiveCfg = Debug|Any CPU
		{E869CCD0-8677-4671-AF62-4A6B117D3FCA}.Debug|iPhoneSimulator.Build.0 = Debug|Any CPU
		{E869CCD0-8677-4671-AF62-4A6B117D3FCA}.Debug|iPhoneSimulator.Deploy.0 = Debug|Any CPU
		{E869CCD0-8677-4671-AF62-4A6B117D3FCA}.Debug|x64.ActiveCfg = Debug|Any CPU
		{E869CCD0-8677-4671-AF62-4A6B117D3FCA}.Debug|x64.Build.0 = Debug|Any CPU
		{E869CCD0-8677-4671-AF62-4A6B117D3FCA}.Debug|x64.Deploy.0 = Debug|Any CPU
		{E869CCD0-8677-4671-AF62-4A6B117D3FCA}.Debug|x86.ActiveCfg = Debug|Any CPU
		{E869CCD0-8677-4671-AF62-4A6B117D3FCA}.Debug|x86.Build.0 = Debug|Any CPU
		{E869CCD0-8677-4671-AF62-4A6B117D3FCA}.Debug|x86.Deploy.0 = Debug|Any CPU
		{E869CCD0-8677-4671-AF62-4A6B117D3FCA}.Release|Any CPU.ActiveCfg = Release|Any CPU
		{E869CCD0-8677-4671-AF62-4A6B117D3FCA}.Release|Any CPU.Build.0 = Release|Any CPU
		{E869CCD0-8677-4671-AF62-4A6B117D3FCA}.Release|Any CPU.Deploy.0 = Release|Any CPU
		{E869CCD0-8677-4671-AF62-4A6B117D3FCA}.Release|ARM.ActiveCfg = Release|Any CPU
		{E869CCD0-8677-4671-AF62-4A6B117D3FCA}.Release|ARM.Build.0 = Release|Any CPU
		{E869CCD0-8677-4671-AF62-4A6B117D3FCA}.Release|ARM.Deploy.0 = Release|Any CPU
		{E869CCD0-8677-4671-AF62-4A6B117D3FCA}.Release|iPhone.ActiveCfg = Release|Any CPU
		{E869CCD0-8677-4671-AF62-4A6B117D3FCA}.Release|iPhone.Build.0 = Release|Any CPU
		{E869CCD0-8677-4671-AF62-4A6B117D3FCA}.Release|iPhone.Deploy.0 = Release|Any CPU
		{E869CCD0-8677-4671-AF62-4A6B117D3FCA}.Release|iPhoneSimulator.ActiveCfg = Release|Any CPU
		{E869CCD0-8677-4671-AF62-4A6B117D3FCA}.Release|iPhoneSimulator.Build.0 = Release|Any CPU
		{E869CCD0-8677-4671-AF62-4A6B117D3FCA}.Release|iPhoneSimulator.Deploy.0 = Release|Any CPU
		{E869CCD0-8677-4671-AF62-4A6B117D3FCA}.Release|x64.ActiveCfg = Release|Any CPU
		{E869CCD0-8677-4671-AF62-4A6B117D3FCA}.Release|x64.Build.0 = Release|Any CPU
		{E869CCD0-8677-4671-AF62-4A6B117D3FCA}.Release|x64.Deploy.0 = Release|Any CPU
		{E869CCD0-8677-4671-AF62-4A6B117D3FCA}.Release|x86.ActiveCfg = Release|Any CPU
		{E869CCD0-8677-4671-AF62-4A6B117D3FCA}.Release|x86.Build.0 = Release|Any CPU
		{E869CCD0-8677-4671-AF62-4A6B117D3FCA}.Release|x86.Deploy.0 = Release|Any CPU
	EndGlobalSection
	GlobalSection(SolutionProperties) = preSolution
		HideSolutionNode = FALSE
	EndGlobalSection
	GlobalSection(ExtensibilityGlobals) = postSolution
		SolutionGuid = {65234E90-7B60-4658-BB43-7EF133CE3CD5}
	EndGlobalSection
EndGlobal
